# THIS IS AN AUTOGENERATED FILE. DO NOT EDIT THIS FILE DIRECTLY.
# yarn lockfile v1


fp-ts@^2.11.4:
  version "2.11.4"
  resolved "https://registry.yarnpkg.com/fp-ts/-/fp-ts-2.11.4.tgz#ad78a0d8eafb0dcfc835a0fb200f6da6422c27f0"
  integrity sha512-lhV7tGEbs2qoVw4vmqOovChS7CAoIYU0gdiPEF8Vc4bLZct+PAMMeXrCqRyBNEo33XOvwvAmFDEDIrHPWH2/fg==
